
Microsoft Visual Studio Solution File, Format Version 12.00
# Visual Studio 15
VisualStudioVersion = 15.0.27703.2042
MinimumVisualStudioVersion = 10.0.40219.1
Project("{FAE04EC0-301F-11D3-BF4B-00C04F79EFBC}") = "ThreadException", "ThreadException\ThreadException.csproj", "{BAD38E43-1B82-43AF-8B5E-3F5044976211}"
EndProject
Project("{FAE04EC0-301F-11D3-BF4B-00C04F79EFBC}") = "UnitTestProject1", "UnitTestProject1\UnitTestProject1.csproj", "{1E2FACB3-6FA7-4CE6-82CC-10099C5C615F}"
EndProject
Global
	GlobalSection(SolutionConfigurationPlatforms) = preSolution
		Debug|Any CPU = Debug|Any CPU
		Release|Any CPU = Release|Any CPU
	EndGlobalSection
	GlobalSection(ProjectConfigurationPlatforms) = postSolution
		{BAD38E43-1B82-43AF-8B5E-3F5044976211}.Debug|Any CPU.ActiveCfg = Debug|Any CPU
		{BAD38E43-1B82-43AF-8B5E-3F5044976211}.Debug|Any CPU.Build.0 = Debug|Any CPU
		{BAD38E43-1B82-43AF-8B5E-3F5044976211}.Release|Any CPU.ActiveCfg = Release|Any CPU
		{BAD38E43-1B82-43AF-8B5E-3F5044976211}.Release|Any CPU.Build.0 = Release|Any CPU
		{1E2FACB3-6FA7-4CE6-82CC-10099C5C615F}.Debug|Any CPU.ActiveCfg = Debug|Any CPU
		{1E2FACB3-6FA7-4CE6-82CC-10099C5C615F}.Debug|Any CPU.Build.0 = Debug|Any CPU
		{1E2FACB3-6FA7-4CE6-82CC-10099C5C615F}.Release|Any CPU.ActiveCfg = Release|Any CPU
		{1E2FACB3-6FA7-4CE6-82CC-10099C5C615F}.Release|Any CPU.Build.0 = Release|Any CPU
	EndGlobalSection
	GlobalSection(SolutionProperties) = preSolution
		HideSolutionNode = FALSE
	EndGlobalSection
	GlobalSection(ExtensibilityGlobals) = postSolution
		SolutionGuid = {F8699BB4-81F7-446C-BFA2-D879EE231EC3}
	EndGlobalSection
EndGlobal
